
Microsoft Visual Studio Solution File, Format Version 12.00
# Visual Studio Version 17
VisualStudioVersion = 17.14.36408.4
MinimumVisualStudioVersion = 10.0.40219.1
Project("{FAE04EC0-301F-11D3-BF4B-00C04F79EFBC}") = "HRBaseWebApp", "HRBaseWebApp\HRBaseWebApp.csproj", "{8EECF39C-5E8E-4106-A667-FBDCD5121CFE}"
EndProject
Project("{FAE04EC0-301F-11D3-BF4B-00C04F79EFBC}") = "Data", "Data\Data.csproj", "{87B8A155-E355-4792-BA5B-0041DBEA0A3B}"
EndProject
Project("{FAE04EC0-301F-11D3-BF4B-00C04F79EFBC}") = "Business", "Business\Business.csproj", "{CC5DF545-BD35-44FC-9DA0-FF98E735890B}"
EndProject
Global
	GlobalSection(SolutionConfigurationPlatforms) = preSolution
		Debug|Any CPU = Debug|Any CPU
		Release|Any CPU = Release|Any CPU
	EndGlobalSection
	GlobalSection(ProjectConfigurationPlatforms) = postSolution
		{8EECF39C-5E8E-4106-A667-FBDCD5121CFE}.Debug|Any CPU.ActiveCfg = Debug|Any CPU
		{8EECF39C-5E8E-4106-A667-FBDCD5121CFE}.Debug|Any CPU.Build.0 = Debug|Any CPU
		{8EECF39C-5E8E-4106-A667-FBDCD5121CFE}.Release|Any CPU.ActiveCfg = Release|Any CPU
		{8EECF39C-5E8E-4106-A667-FBDCD5121CFE}.Release|Any CPU.Build.0 = Release|Any CPU
		{87B8A155-E355-4792-BA5B-0041DBEA0A3B}.Debug|Any CPU.ActiveCfg = Debug|Any CPU
		{87B8A155-E355-4792-BA5B-0041DBEA0A3B}.Debug|Any CPU.Build.0 = Debug|Any CPU
		{87B8A155-E355-4792-BA5B-0041DBEA0A3B}.Release|Any CPU.ActiveCfg = Release|Any CPU
		{87B8A155-E355-4792-BA5B-0041DBEA0A3B}.Release|Any CPU.Build.0 = Release|Any CPU
		{CC5DF545-BD35-44FC-9DA0-FF98E735890B}.Debug|Any CPU.ActiveCfg = Debug|Any CPU
		{CC5DF545-BD35-44FC-9DA0-FF98E735890B}.Debug|Any CPU.Build.0 = Debug|Any CPU
		{CC5DF545-BD35-44FC-9DA0-FF98E735890B}.Release|Any CPU.ActiveCfg = Release|Any CPU
		{CC5DF545-BD35-44FC-9DA0-FF98E735890B}.Release|Any CPU.Build.0 = Release|Any CPU
	EndGlobalSection
	GlobalSection(SolutionProperties) = preSolution
		HideSolutionNode = FALSE
	EndGlobalSection
	GlobalSection(ExtensibilityGlobals) = postSolution
		SolutionGuid = {28CCCFB4-7F5A-43DB-9681-BA4C00E8BE7A}
	EndGlobalSection
EndGlobal
